
Microsoft Visual Studio Solution File, Format Version 12.00
# Visual Studio Version 17
VisualStudioVersion = 17.5.002.0
MinimumVisualStudioVersion = 10.0.40219.1
Project("{9A19103F-16F7-4668-BE54-9A1E7A4F7556}") = "sampleApplication.API", "sampleApplication.API\sampleApplication.API.csproj", "{91668CA3-6293-4432-BCF9-7A04CEC2B69A}"
EndProject
Global
	GlobalSection(SolutionConfigurationPlatforms) = preSolution
		Debug|Any CPU = Debug|Any CPU
		Release|Any CPU = Release|Any CPU
	EndGlobalSection
	GlobalSection(ProjectConfigurationPlatforms) = postSolution
		{91668CA3-6293-4432-BCF9-7A04CEC2B69A}.Debug|Any CPU.ActiveCfg = Debug|Any CPU
		{91668CA3-6293-4432-BCF9-7A04CEC2B69A}.Debug|Any CPU.Build.0 = Debug|Any CPU
		{91668CA3-6293-4432-BCF9-7A04CEC2B69A}.Release|Any CPU.ActiveCfg = Release|Any CPU
		{91668CA3-6293-4432-BCF9-7A04CEC2B69A}.Release|Any CPU.Build.0 = Release|Any CPU
	EndGlobalSection
	GlobalSection(SolutionProperties) = preSolution
		HideSolutionNode = FALSE
	EndGlobalSection
	GlobalSection(ExtensibilityGlobals) = postSolution
		SolutionGuid = {51DC01BA-802E-4B9B-9A3F-E064B1D6ADE0}
	EndGlobalSection
EndGlobal
